
Microsoft Visual Studio Solution File, Format Version 12.00
# Visual Studio Version 17
VisualStudioVersion = 17.5.33530.505
MinimumVisualStudioVersion = 10.0.40219.1
Project("{FAE04EC0-301F-11D3-BF4B-00C04F79EFBC}") = "ITSpark_Task", "ITSpark_Task.csproj", "{53981FA9-CFEB-4727-94C2-7531050A5697}"
EndProject
Global
	GlobalSection(SolutionConfigurationPlatforms) = preSolution
		Debug|Any CPU = Debug|Any CPU
		Release|Any CPU = Release|Any CPU
	EndGlobalSection
	GlobalSection(ProjectConfigurationPlatforms) = postSolution
		{53981FA9-CFEB-4727-94C2-7531050A5697}.Debug|Any CPU.ActiveCfg = Debug|Any CPU
		{53981FA9-CFEB-4727-94C2-7531050A5697}.Debug|Any CPU.Build.0 = Debug|Any CPU
		{53981FA9-CFEB-4727-94C2-7531050A5697}.Release|Any CPU.ActiveCfg = Release|Any CPU
		{53981FA9-CFEB-4727-94C2-7531050A5697}.Release|Any CPU.Build.0 = Release|Any CPU
	EndGlobalSection
	GlobalSection(SolutionProperties) = preSolution
		HideSolutionNode = FALSE
	EndGlobalSection
	GlobalSection(ExtensibilityGlobals) = postSolution
		SolutionGuid = {C90B3B69-E127-45D0-96C6-404BE6962BA1}
	EndGlobalSection
EndGlobal
